
Microsoft Visual Studio Solution File, Format Version 12.00
# Visual Studio 15
VisualStudioVersion = 15.0.26430.16
MinimumVisualStudioVersion = 10.0.40219.1
Project("{FAE04EC0-301F-11D3-BF4B-00C04F79EFBC}") = "Library", "Library\Library.csproj", "{9A7F05DE-4B3F-45C0-BF4E-E4AAF717AA1D}"
EndProject
Global
	GlobalSection(SolutionConfigurationPlatforms) = preSolution
		Debug|Any CPU = Debug|Any CPU
		Debug|Default = Debug|Default
		Release|Any CPU = Release|Any CPU
		Release|Default = Release|Default
	EndGlobalSection
	GlobalSection(ProjectConfigurationPlatforms) = postSolution
		{9A7F05DE-4B3F-45C0-BF4E-E4AAF717AA1D}.Debug|Any CPU.ActiveCfg = Debug|Any CPU
		{9A7F05DE-4B3F-45C0-BF4E-E4AAF717AA1D}.Debug|Any CPU.Build.0 = Debug|Any CPU
		{9A7F05DE-4B3F-45C0-BF4E-E4AAF717AA1D}.Debug|Default.ActiveCfg = Debug|Any CPU
		{9A7F05DE-4B3F-45C0-BF4E-E4AAF717AA1D}.Debug|Default.Build.0 = Debug|Any CPU
		{9A7F05DE-4B3F-45C0-BF4E-E4AAF717AA1D}.Release|Any CPU.ActiveCfg = Release|Any CPU
		{9A7F05DE-4B3F-45C0-BF4E-E4AAF717AA1D}.Release|Any CPU.Build.0 = Release|Any CPU
		{9A7F05DE-4B3F-45C0-BF4E-E4AAF717AA1D}.Release|Default.ActiveCfg = Release|Any CPU
		{9A7F05DE-4B3F-45C0-BF4E-E4AAF717AA1D}.Release|Default.Build.0 = Release|Any CPU
	EndGlobalSection
	GlobalSection(SolutionProperties) = preSolution
		HideSolutionNode = FALSE
	EndGlobalSection
	GlobalSection(SolutionConfigurationPlatforms) = preSolution
		Debug|Any CPU = Debug|Any CPU
		Debug|Default = Debug|Default
		Release|Any CPU = Release|Any CPU
		Release|Default = Release|Default
	EndGlobalSection
	GlobalSection(SolutionConfigurationPlatforms) = preSolution
		Debug|Any CPU = Debug|Any CPU
		Debug|Default = Debug|Default
		Release|Any CPU = Release|Any CPU
		Release|Default = Release|Default
	EndGlobalSection
EndGlobal
